
Microsoft Visual Studio Solution File, Format Version 12.00
# Visual Studio Version 17
VisualStudioVersion = 17.2.32519.379
MinimumVisualStudioVersion = 10.0.40219.1
Project("{FAE04EC0-301F-11D3-BF4B-00C04F79EFBC}") = "Ivaantsbotlaars", "Ivaantsbotlaars\Ivaantsbotlaars.csproj", "{73B330B9-091C-45A8-A24A-FE8FECE0474A}"
EndProject
Global
	GlobalSection(SolutionConfigurationPlatforms) = preSolution
		Debug|Any CPU = Debug|Any CPU
		Release|Any CPU = Release|Any CPU
	EndGlobalSection
	GlobalSection(ProjectConfigurationPlatforms) = postSolution
		{73B330B9-091C-45A8-A24A-FE8FECE0474A}.Debug|Any CPU.ActiveCfg = Debug|Any CPU
		{73B330B9-091C-45A8-A24A-FE8FECE0474A}.Debug|Any CPU.Build.0 = Debug|Any CPU
		{73B330B9-091C-45A8-A24A-FE8FECE0474A}.Release|Any CPU.ActiveCfg = Release|Any CPU
		{73B330B9-091C-45A8-A24A-FE8FECE0474A}.Release|Any CPU.Build.0 = Release|Any CPU
	EndGlobalSection
	GlobalSection(SolutionProperties) = preSolution
		HideSolutionNode = FALSE
	EndGlobalSection
	GlobalSection(ExtensibilityGlobals) = postSolution
		SolutionGuid = {A6280491-1127-4483-8CB8-BC9C323B9836}
	EndGlobalSection
EndGlobal
